
Microsoft Visual Studio Solution File, Format Version 12.00
# Visual Studio Version 16
VisualStudioVersion = 16.0.31424.327
MinimumVisualStudioVersion = 10.0.40219.1
Project("{FAE04EC0-301F-11D3-BF4B-00C04F79EFBC}") = "AspNetCoreIdentity", "AspNetCoreIdentity\AspNetCoreIdentity.csproj", "{8EAFDB04-B6F4-4B9F-BF77-CAFE5E271194}"
EndProject
Global
	GlobalSection(SolutionConfigurationPlatforms) = preSolution
		Debug|Any CPU = Debug|Any CPU
		Release|Any CPU = Release|Any CPU
	EndGlobalSection
	GlobalSection(ProjectConfigurationPlatforms) = postSolution
		{8EAFDB04-B6F4-4B9F-BF77-CAFE5E271194}.Debug|Any CPU.ActiveCfg = Debug|Any CPU
		{8EAFDB04-B6F4-4B9F-BF77-CAFE5E271194}.Debug|Any CPU.Build.0 = Debug|Any CPU
		{8EAFDB04-B6F4-4B9F-BF77-CAFE5E271194}.Release|Any CPU.ActiveCfg = Release|Any CPU
		{8EAFDB04-B6F4-4B9F-BF77-CAFE5E271194}.Release|Any CPU.Build.0 = Release|Any CPU
	EndGlobalSection
	GlobalSection(SolutionProperties) = preSolution
		HideSolutionNode = FALSE
	EndGlobalSection
	GlobalSection(ExtensibilityGlobals) = postSolution
		SolutionGuid = {9F9A472D-5313-420A-8CC6-2BF5981C1CDA}
	EndGlobalSection
EndGlobal
